
Microsoft Visual Studio Solution File, Format Version 12.00
# Visual Studio Version 16
VisualStudioVersion = 16.0.29215.179
MinimumVisualStudioVersion = 10.0.40219.1
Project("{FAE04EC0-301F-11D3-BF4B-00C04F79EFBC}") = "Hw3_T4", "Hw3_T4\Hw3_T4.csproj", "{0304BFED-6A20-490A-824A-A924028018E7}"
EndProject
Global
	GlobalSection(SolutionConfigurationPlatforms) = preSolution
		Debug|Any CPU = Debug|Any CPU
		Release|Any CPU = Release|Any CPU
	EndGlobalSection
	GlobalSection(ProjectConfigurationPlatforms) = postSolution
		{0304BFED-6A20-490A-824A-A924028018E7}.Debug|Any CPU.ActiveCfg = Debug|Any CPU
		{0304BFED-6A20-490A-824A-A924028018E7}.Debug|Any CPU.Build.0 = Debug|Any CPU
		{0304BFED-6A20-490A-824A-A924028018E7}.Release|Any CPU.ActiveCfg = Release|Any CPU
		{0304BFED-6A20-490A-824A-A924028018E7}.Release|Any CPU.Build.0 = Release|Any CPU
	EndGlobalSection
	GlobalSection(SolutionProperties) = preSolution
		HideSolutionNode = FALSE
	EndGlobalSection
	GlobalSection(ExtensibilityGlobals) = postSolution
		SolutionGuid = {991530E7-303B-477E-8815-C0E2DD48BC86}
	EndGlobalSection
EndGlobal
