
Microsoft Visual Studio Solution File, Format Version 12.00
# Visual Studio Version 16
VisualStudioVersion = 16.0.29215.179
MinimumVisualStudioVersion = 10.0.40219.1
Project("{FAE04EC0-301F-11D3-BF4B-00C04F79EFBC}") = "Hw4_t5", "Hw4_t5\Hw4_t5.csproj", "{DCF02057-472B-4C29-B1B4-50E3A0D93C5C}"
EndProject
Global
	GlobalSection(SolutionConfigurationPlatforms) = preSolution
		Debug|Any CPU = Debug|Any CPU
		Release|Any CPU = Release|Any CPU
	EndGlobalSection
	GlobalSection(ProjectConfigurationPlatforms) = postSolution
		{DCF02057-472B-4C29-B1B4-50E3A0D93C5C}.Debug|Any CPU.ActiveCfg = Debug|Any CPU
		{DCF02057-472B-4C29-B1B4-50E3A0D93C5C}.Debug|Any CPU.Build.0 = Debug|Any CPU
		{DCF02057-472B-4C29-B1B4-50E3A0D93C5C}.Release|Any CPU.ActiveCfg = Release|Any CPU
		{DCF02057-472B-4C29-B1B4-50E3A0D93C5C}.Release|Any CPU.Build.0 = Release|Any CPU
	EndGlobalSection
	GlobalSection(SolutionProperties) = preSolution
		HideSolutionNode = FALSE
	EndGlobalSection
	GlobalSection(ExtensibilityGlobals) = postSolution
		SolutionGuid = {C3E33796-D5D6-47D2-987D-9D03D557BC72}
	EndGlobalSection
EndGlobal
