
Microsoft Visual Studio Solution File, Format Version 12.00
# Visual Studio Version 16
VisualStudioVersion = 16.0.29215.179
MinimumVisualStudioVersion = 10.0.40219.1
Project("{FAE04EC0-301F-11D3-BF4B-00C04F79EFBC}") = "Task2", "Task2\Task2.csproj", "{8AE6ED52-CCA7-4639-8E15-1105092C409B}"
EndProject
Global
	GlobalSection(SolutionConfigurationPlatforms) = preSolution
		Debug|Any CPU = Debug|Any CPU
		Release|Any CPU = Release|Any CPU
	EndGlobalSection
	GlobalSection(ProjectConfigurationPlatforms) = postSolution
		{8AE6ED52-CCA7-4639-8E15-1105092C409B}.Debug|Any CPU.ActiveCfg = Debug|Any CPU
		{8AE6ED52-CCA7-4639-8E15-1105092C409B}.Debug|Any CPU.Build.0 = Debug|Any CPU
		{8AE6ED52-CCA7-4639-8E15-1105092C409B}.Release|Any CPU.ActiveCfg = Release|Any CPU
		{8AE6ED52-CCA7-4639-8E15-1105092C409B}.Release|Any CPU.Build.0 = Release|Any CPU
	EndGlobalSection
	GlobalSection(SolutionProperties) = preSolution
		HideSolutionNode = FALSE
	EndGlobalSection
	GlobalSection(ExtensibilityGlobals) = postSolution
		SolutionGuid = {90B55D51-5A57-405B-B4A2-CCBB22E4F39F}
	EndGlobalSection
EndGlobal
