
Microsoft Visual Studio Solution File, Format Version 12.00
# Visual Studio Version 16
VisualStudioVersion = 16.0.29215.179
MinimumVisualStudioVersion = 10.0.40219.1
Project("{FAE04EC0-301F-11D3-BF4B-00C04F79EFBC}") = "Hw4_T2", "Hw4_T2\Hw4_T2.csproj", "{092142EB-513F-4003-926F-62C63B92BE90}"
EndProject
Global
	GlobalSection(SolutionConfigurationPlatforms) = preSolution
		Debug|Any CPU = Debug|Any CPU
		Release|Any CPU = Release|Any CPU
	EndGlobalSection
	GlobalSection(ProjectConfigurationPlatforms) = postSolution
		{092142EB-513F-4003-926F-62C63B92BE90}.Debug|Any CPU.ActiveCfg = Debug|Any CPU
		{092142EB-513F-4003-926F-62C63B92BE90}.Debug|Any CPU.Build.0 = Debug|Any CPU
		{092142EB-513F-4003-926F-62C63B92BE90}.Release|Any CPU.ActiveCfg = Release|Any CPU
		{092142EB-513F-4003-926F-62C63B92BE90}.Release|Any CPU.Build.0 = Release|Any CPU
	EndGlobalSection
	GlobalSection(SolutionProperties) = preSolution
		HideSolutionNode = FALSE
	EndGlobalSection
	GlobalSection(ExtensibilityGlobals) = postSolution
		SolutionGuid = {E9647E7F-0469-4B5E-8449-35B96F09FA12}
	EndGlobalSection
EndGlobal
